
Microsoft Visual Studio Solution File, Format Version 12.00
# Visual Studio 15
VisualStudioVersion = 15.0.28307.106
MinimumVisualStudioVersion = 10.0.40219.1
Project("{9A19103F-16F7-4668-BE54-9A1E7A4F7556}") = "BetterList", "BetterList\BetterList.csproj", "{54C5F2E5-96F2-4AA7-911E-E0C22ADEF9AB}"
EndProject
Project("{FAE04EC0-301F-11D3-BF4B-00C04F79EFBC}") = "NUnitTestProject1", "NUnitTestProject1\NUnitTestProject1.csproj", "{77CD4AFF-612B-4271-83F6-DF6B303854EF}"
EndProject
Global
	GlobalSection(SolutionConfigurationPlatforms) = preSolution
		Debug|Any CPU = Debug|Any CPU
		Release|Any CPU = Release|Any CPU
	EndGlobalSection
	GlobalSection(ProjectConfigurationPlatforms) = postSolution
		{54C5F2E5-96F2-4AA7-911E-E0C22ADEF9AB}.Debug|Any CPU.ActiveCfg = Debug|Any CPU
		{54C5F2E5-96F2-4AA7-911E-E0C22ADEF9AB}.Debug|Any CPU.Build.0 = Debug|Any CPU
		{54C5F2E5-96F2-4AA7-911E-E0C22ADEF9AB}.Release|Any CPU.ActiveCfg = Release|Any CPU
		{54C5F2E5-96F2-4AA7-911E-E0C22ADEF9AB}.Release|Any CPU.Build.0 = Release|Any CPU
		{77CD4AFF-612B-4271-83F6-DF6B303854EF}.Debug|Any CPU.ActiveCfg = Debug|Any CPU
		{77CD4AFF-612B-4271-83F6-DF6B303854EF}.Debug|Any CPU.Build.0 = Debug|Any CPU
		{77CD4AFF-612B-4271-83F6-DF6B303854EF}.Release|Any CPU.ActiveCfg = Release|Any CPU
		{77CD4AFF-612B-4271-83F6-DF6B303854EF}.Release|Any CPU.Build.0 = Release|Any CPU
	EndGlobalSection
	GlobalSection(SolutionProperties) = preSolution
		HideSolutionNode = FALSE
	EndGlobalSection
	GlobalSection(ExtensibilityGlobals) = postSolution
		SolutionGuid = {890B4F69-6DD6-4179-825C-C934B586FF59}
	EndGlobalSection
EndGlobal
